// !$*UTF8*$!
{
	archiveVersion = 1;
	classes = {
	};
	objectVersion = 48;
	objects = {

/* Begin PBXBuildFile section */
		763E5E2A2094F24800B31FB8 /* PontoViewController.swift in Sources */ = {isa = PBXBuildFile; fileRef = 763E5E292094F24800B31FB8 /* PontoViewController.swift */; };
		7646893D20949C9400785DC1 /* AppDelegate.swift in Sources */ = {isa = PBXBuildFile; fileRef = 7646893C20949C9400785DC1 /* AppDelegate.swift */; };
		7646893F20949C9400785DC1 /* ViewController.swift in Sources */ = {isa = PBXBuildFile; fileRef = 7646893E20949C9400785DC1 /* ViewController.swift */; };
		7646894220949C9400785DC1 /* Main.storyboard in Resources */ = {isa = PBXBuildFile; fileRef = 7646894020949C9400785DC1 /* Main.storyboard */; };
		7646894420949C9400785DC1 /* Assets.xcassets in Resources */ = {isa = PBXBuildFile; fileRef = 7646894320949C9400785DC1 /* Assets.xcassets */; };
		7646894720949C9400785DC1 /* LaunchScreen.storyboard in Resources */ = {isa = PBXBuildFile; fileRef = 7646894520949C9400785DC1 /* LaunchScreen.storyboard */; };
		7646895220949C9400785DC1 /* Ponto_iOSTests.swift in Sources */ = {isa = PBXBuildFile; fileRef = 7646895120949C9400785DC1 /* Ponto_iOSTests.swift */; };
		7646895D20949C9400785DC1 /* Ponto_iOSUITests.swift in Sources */ = {isa = PBXBuildFile; fileRef = 7646895C20949C9400785DC1 /* Ponto_iOSUITests.swift */; };
		A69C550F2E790AEE0A7C2761 /* Pods_Ponto_iOS.framework in Frameworks */ = {isa = PBXBuildFile; fileRef = 4248F5055D1AD8D211353FCD /* Pods_Ponto_iOS.framework */; };
		E409F9F920A141A700444B9B /* Company.swift in Sources */ = {isa = PBXBuildFile; fileRef = E409F9F820A141A700444B9B /* Company.swift */; };
		E409F9FB20A2998200444B9B /* LocalCollection.swift in Sources */ = {isa = PBXBuildFile; fileRef = E409F9FA20A2998200444B9B /* LocalCollection.swift */; };
		E409F9FD20A29F8D00444B9B /* CadTimePunch.swift in Sources */ = {isa = PBXBuildFile; fileRef = E409F9FC20A29F8D00444B9B /* CadTimePunch.swift */; };
		E409F9FF20A3E23200444B9B /* PunchClock.swift in Sources */ = {isa = PBXBuildFile; fileRef = E409F9FE20A3E23200444B9B /* PunchClock.swift */; };
		E409FA0220A3F0D600444B9B /* DateHelper.swift in Sources */ = {isa = PBXBuildFile; fileRef = E409FA0120A3F0D600444B9B /* DateHelper.swift */; };
		E409FA0420A6517400444B9B /* CompanyViewControllerTableViewCell.swift in Sources */ = {isa = PBXBuildFile; fileRef = E409FA0320A6517400444B9B /* CompanyViewControllerTableViewCell.swift */; };
		E409FA0620A6543200444B9B /* CompanyViewController.swift in Sources */ = {isa = PBXBuildFile; fileRef = E409FA0520A6543200444B9B /* CompanyViewController.swift */; };
		E409FA0820A6A20D00444B9B /* DialogHelper.swift in Sources */ = {isa = PBXBuildFile; fileRef = E409FA0720A6A20D00444B9B /* DialogHelper.swift */; };
		E40CF5302094E7350070300B /* SignUpViewController.swift in Sources */ = {isa = PBXBuildFile; fileRef = E40CF52F2094E7350070300B /* SignUpViewController.swift */; };
		E4E4FCE42094CC8C0099902A /* GoogleService-Info.plist in Resources */ = {isa = PBXBuildFile; fileRef = E4E4FCE32094CC8C0099902A /* GoogleService-Info.plist */; };
/* End PBXBuildFile section */

/* Begin PBXContainerItemProxy section */
		7646894E20949C9400785DC1 /* PBXContainerItemProxy */ = {
			isa = PBXContainerItemProxy;
			containerPortal = 7646893120949C9400785DC1 /* Project object */;
			proxyType = 1;
			remoteGlobalIDString = 7646893820949C9400785DC1;
			remoteInfo = Ponto_iOS;
		};
		7646895920949C9400785DC1 /* PBXContainerItemProxy */ = {
			isa = PBXContainerItemProxy;
			containerPortal = 7646893120949C9400785DC1 /* Project object */;
			proxyType = 1;
			remoteGlobalIDString = 7646893820949C9400785DC1;
			remoteInfo = Ponto_iOS;
		};
/* End PBXContainerItemProxy section */

/* Begin PBXFileReference section */
		10A6F8D0CADF93FFA3A2DB50 /* Pods-Ponto_iOS.release.xcconfig */ = {isa = PBXFileReference; includeInIndex = 1; lastKnownFileType = text.xcconfig; name = "Pods-Ponto_iOS.release.xcconfig"; path = "Pods/Target Support Files/Pods-Ponto_iOS/Pods-Ponto_iOS.release.xcconfig"; sourceTree = "<group>"; };
		39DED1357FA0F297FB1639C2 /* Pods-Ponto_iOS.debug.xcconfig */ = {isa = PBXFileReference; includeInIndex = 1; lastKnownFileType = text.xcconfig; name = "Pods-Ponto_iOS.debug.xcconfig"; path = "Pods/Target Support Files/Pods-Ponto_iOS/Pods-Ponto_iOS.debug.xcconfig"; sourceTree = "<group>"; };
		4248F5055D1AD8D211353FCD /* Pods_Ponto_iOS.framework */ = {isa = PBXFileReference; explicitFileType = wrapper.framework; includeInIndex = 0; path = Pods_Ponto_iOS.framework; sourceTree = BUILT_PRODUCTS_DIR; };
		763E5E292094F24800B31FB8 /* PontoViewController.swift */ = {isa = PBXFileReference; lastKnownFileType = sourcecode.swift; path = PontoViewController.swift; sourceTree = "<group>"; };
		7646893920949C9400785DC1 /* Ponto_iOS.app */ = {isa = PBXFileReference; explicitFileType = wrapper.application; includeInIndex = 0; path = Ponto_iOS.app; sourceTree = BUILT_PRODUCTS_DIR; };
		7646893C20949C9400785DC1 /* AppDelegate.swift */ = {isa = PBXFileReference; lastKnownFileType = sourcecode.swift; path = AppDelegate.swift; sourceTree = "<group>"; };
		7646893E20949C9400785DC1 /* ViewController.swift */ = {isa = PBXFileReference; lastKnownFileType = sourcecode.swift; path = ViewController.swift; sourceTree = "<group>"; };
		7646894120949C9400785DC1 /* Base */ = {isa = PBXFileReference; lastKnownFileType = file.storyboard; name = Base; path = Base.lproj/Main.storyboard; sourceTree = "<group>"; };
		7646894320949C9400785DC1 /* Assets.xcassets */ = {isa = PBXFileReference; lastKnownFileType = folder.assetcatalog; path = Assets.xcassets; sourceTree = "<group>"; };
		7646894620949C9400785DC1 /* Base */ = {isa = PBXFileReference; lastKnownFileType = file.storyboard; name = Base; path = Base.lproj/LaunchScreen.storyboard; sourceTree = "<group>"; };
		7646894820949C9400785DC1 /* Info.plist */ = {isa = PBXFileReference; lastKnownFileType = text.plist.xml; path = Info.plist; sourceTree = "<group>"; };
		7646894D20949C9400785DC1 /* Ponto_iOSTests.xctest */ = {isa = PBXFileReference; explicitFileType = wrapper.cfbundle; includeInIndex = 0; path = Ponto_iOSTests.xctest; sourceTree = BUILT_PRODUCTS_DIR; };
		7646895120949C9400785DC1 /* Ponto_iOSTests.swift */ = {isa = PBXFileReference; lastKnownFileType = sourcecode.swift; path = Ponto_iOSTests.swift; sourceTree = "<group>"; };
		7646895320949C9400785DC1 /* Info.plist */ = {isa = PBXFileReference; lastKnownFileType = text.plist.xml; path = Info.plist; sourceTree = "<group>"; };
		7646895820949C9400785DC1 /* Ponto_iOSUITests.xctest */ = {isa = PBXFileReference; explicitFileType = wrapper.cfbundle; includeInIndex = 0; path = Ponto_iOSUITests.xctest; sourceTree = BUILT_PRODUCTS_DIR; };
		7646895C20949C9400785DC1 /* Ponto_iOSUITests.swift */ = {isa = PBXFileReference; lastKnownFileType = sourcecode.swift; path = Ponto_iOSUITests.swift; sourceTree = "<group>"; };
		7646895E20949C9400785DC1 /* Info.plist */ = {isa = PBXFileReference; lastKnownFileType = text.plist.xml; path = Info.plist; sourceTree = "<group>"; };
		E409F9F820A141A700444B9B /* Company.swift */ = {isa = PBXFileReference; lastKnownFileType = sourcecode.swift; path = Company.swift; sourceTree = "<group>"; };
		E409F9FA20A2998200444B9B /* LocalCollection.swift */ = {isa = PBXFileReference; fileEncoding = 4; lastKnownFileType = sourcecode.swift; name = LocalCollection.swift; path = "../../../quickstart-ios/firestore/FriendlyEats/LocalCollection.swift"; sourceTree = "<group>"; };
		E409F9FC20A29F8D00444B9B /* CadTimePunch.swift */ = {isa = PBXFileReference; lastKnownFileType = sourcecode.swift; path = CadTimePunch.swift; sourceTree = "<group>"; };
		E409F9FE20A3E23200444B9B /* PunchClock.swift */ = {isa = PBXFileReference; lastKnownFileType = sourcecode.swift; path = PunchClock.swift; sourceTree = "<group>"; };
		E409FA0120A3F0D600444B9B /* DateHelper.swift */ = {isa = PBXFileReference; lastKnownFileType = sourcecode.swift; path = DateHelper.swift; sourceTree = "<group>"; };
		E409FA0320A6517400444B9B /* CompanyViewControllerTableViewCell.swift */ = {isa = PBXFileReference; lastKnownFileType = sourcecode.swift; path = CompanyViewControllerTableViewCell.swift; sourceTree = "<group>"; };
		E409FA0520A6543200444B9B /* CompanyViewController.swift */ = {isa = PBXFileReference; lastKnownFileType = sourcecode.swift; path = CompanyViewController.swift; sourceTree = "<group>"; };
		E409FA0720A6A20D00444B9B /* DialogHelper.swift */ = {isa = PBXFileReference; lastKnownFileType = sourcecode.swift; path = DialogHelper.swift; sourceTree = "<group>"; };
		E40CF52F2094E7350070300B /* SignUpViewController.swift */ = {isa = PBXFileReference; lastKnownFileType = sourcecode.swift; path = SignUpViewController.swift; sourceTree = "<group>"; };
		E4E4FCE32094CC8C0099902A /* GoogleService-Info.plist */ = {isa = PBXFileReference; fileEncoding = 4; lastKnownFileType = text.plist.xml; path = "GoogleService-Info.plist"; sourceTree = "<group>"; };
/* End PBXFileReference section */

/* Begin PBXFrameworksBuildPhase section */
		7646893620949C9400785DC1 /* Frameworks */ = {
			isa = PBXFrameworksBuildPhase;
			buildActionMask = 2147483647;
			files = (
				A69C550F2E790AEE0A7C2761 /* Pods_Ponto_iOS.framework in Frameworks */,
			);
			runOnlyForDeploymentPostprocessing = 0;
		};
		7646894A20949C9400785DC1 /* Frameworks */ = {
			isa = PBXFrameworksBuildPhase;
			buildActionMask = 2147483647;
			files = (
			);
			runOnlyForDeploymentPostprocessing = 0;
		};
		7646895520949C9400785DC1 /* Frameworks */ = {
			isa = PBXFrameworksBuildPhase;
			buildActionMask = 2147483647;
			files = (
			);
			runOnlyForDeploymentPostprocessing = 0;
		};
/* End PBXFrameworksBuildPhase section */

/* Begin PBXGroup section */
		597375126D2B4F5E88604550 /* Frameworks */ = {
			isa = PBXGroup;
			children = (
				4248F5055D1AD8D211353FCD /* Pods_Ponto_iOS.framework */,
			);
			name = Frameworks;
			sourceTree = "<group>";
		};
		70CE3A19AFEAFCC74FC138A0 /* Pods */ = {
			isa = PBXGroup;
			children = (
				39DED1357FA0F297FB1639C2 /* Pods-Ponto_iOS.debug.xcconfig */,
				10A6F8D0CADF93FFA3A2DB50 /* Pods-Ponto_iOS.release.xcconfig */,
			);
			name = Pods;
			sourceTree = "<group>";
		};
		7646893020949C9400785DC1 = {
			isa = PBXGroup;
			children = (
				7646893B20949C9400785DC1 /* Ponto_iOS */,
				7646895020949C9400785DC1 /* Ponto_iOSTests */,
				7646895B20949C9400785DC1 /* Ponto_iOSUITests */,
				7646893A20949C9400785DC1 /* Products */,
				70CE3A19AFEAFCC74FC138A0 /* Pods */,
				597375126D2B4F5E88604550 /* Frameworks */,
			);
			sourceTree = "<group>";
		};
		7646893A20949C9400785DC1 /* Products */ = {
			isa = PBXGroup;
			children = (
				7646893920949C9400785DC1 /* Ponto_iOS.app */,
				7646894D20949C9400785DC1 /* Ponto_iOSTests.xctest */,
				7646895820949C9400785DC1 /* Ponto_iOSUITests.xctest */,
			);
			name = Products;
			sourceTree = "<group>";
		};
		7646893B20949C9400785DC1 /* Ponto_iOS */ = {
			isa = PBXGroup;
			children = (
				E409FA0020A3F0B600444B9B /* helper */,
				E409F9F720A1418400444B9B /* modal */,
				E40CF52F2094E7350070300B /* SignUpViewController.swift */,
				E4E4FCE32094CC8C0099902A /* GoogleService-Info.plist */,
				7646893C20949C9400785DC1 /* AppDelegate.swift */,
				7646893E20949C9400785DC1 /* ViewController.swift */,
				7646894020949C9400785DC1 /* Main.storyboard */,
				E409FA0520A6543200444B9B /* CompanyViewController.swift */,
				E409FA0320A6517400444B9B /* CompanyViewControllerTableViewCell.swift */,
				7646894320949C9400785DC1 /* Assets.xcassets */,
				7646894520949C9400785DC1 /* LaunchScreen.storyboard */,
				7646894820949C9400785DC1 /* Info.plist */,
				763E5E292094F24800B31FB8 /* PontoViewController.swift */,
			);
			path = Ponto_iOS;
			sourceTree = "<group>";
		};
		7646895020949C9400785DC1 /* Ponto_iOSTests */ = {
			isa = PBXGroup;
			children = (
				7646895120949C9400785DC1 /* Ponto_iOSTests.swift */,
				7646895320949C9400785DC1 /* Info.plist */,
			);
			path = Ponto_iOSTests;
			sourceTree = "<group>";
		};
		7646895B20949C9400785DC1 /* Ponto_iOSUITests */ = {
			isa = PBXGroup;
			children = (
				7646895C20949C9400785DC1 /* Ponto_iOSUITests.swift */,
				7646895E20949C9400785DC1 /* Info.plist */,
			);
			path = Ponto_iOSUITests;
			sourceTree = "<group>";
		};
		E409F9F720A1418400444B9B /* modal */ = {
			isa = PBXGroup;
			children = (
				E409F9FA20A2998200444B9B /* LocalCollection.swift */,
				E409F9F820A141A700444B9B /* Company.swift */,
				E409F9FC20A29F8D00444B9B /* CadTimePunch.swift */,
				E409F9FE20A3E23200444B9B /* PunchClock.swift */,
			);
			path = modal;
			sourceTree = "<group>";
		};
		E409FA0020A3F0B600444B9B /* helper */ = {
			isa = PBXGroup;
			children = (
				E409FA0120A3F0D600444B9B /* DateHelper.swift */,
				E409FA0720A6A20D00444B9B /* DialogHelper.swift */,
			);
			path = helper;
			sourceTree = "<group>";
		};
/* End PBXGroup section */

/* Begin PBXNativeTarget section */
		7646893820949C9400785DC1 /* Ponto_iOS */ = {
			isa = PBXNativeTarget;
			buildConfigurationList = 7646896120949C9400785DC1 /* Build configuration list for PBXNativeTarget "Ponto_iOS" */;
			buildPhases = (
				53E3AA5CD175ABD893CA3A54 /* [CP] Check Pods Manifest.lock */,
				7646893520949C9400785DC1 /* Sources */,
				7646893620949C9400785DC1 /* Frameworks */,
				7646893720949C9400785DC1 /* Resources */,
				DD8444DDD5B3E846E4C2E2F8 /* [CP] Embed Pods Frameworks */,
			);
			buildRules = (
			);
			dependencies = (
			);
			name = Ponto_iOS;
			productName = Ponto_iOS;
			productReference = 7646893920949C9400785DC1 /* Ponto_iOS.app */;
			productType = "com.apple.product-type.application";
		};
		7646894C20949C9400785DC1 /* Ponto_iOSTests */ = {
			isa = PBXNativeTarget;
			buildConfigurationList = 7646896420949C9400785DC1 /* Build configuration list for PBXNativeTarget "Ponto_iOSTests" */;
			buildPhases = (
				7646894920949C9400785DC1 /* Sources */,
				7646894A20949C9400785DC1 /* Frameworks */,
				7646894B20949C9400785DC1 /* Resources */,
			);
			buildRules = (
			);
			dependencies = (
				7646894F20949C9400785DC1 /* PBXTargetDependency */,
			);
			name = Ponto_iOSTests;
			productName = Ponto_iOSTests;
			productReference = 7646894D20949C9400785DC1 /* Ponto_iOSTests.xctest */;
			productType = "com.apple.product-type.bundle.unit-test";
		};
		7646895720949C9400785DC1 /* Ponto_iOSUITests */ = {
			isa = PBXNativeTarget;
			buildConfigurationList = 7646896720949C9400785DC1 /* Build configuration list for PBXNativeTarget "Ponto_iOSUITests" */;
			buildPhases = (
				7646895420949C9400785DC1 /* Sources */,
				7646895520949C9400785DC1 /* Frameworks */,
				7646895620949C9400785DC1 /* Resources */,
			);
			buildRules = (
			);
			dependencies = (
				7646895A20949C9400785DC1 /* PBXTargetDependency */,
			);
			name = Ponto_iOSUITests;
			productName = Ponto_iOSUITests;
			productReference = 7646895820949C9400785DC1 /* Ponto_iOSUITests.xctest */;
			productType = "com.apple.product-type.bundle.ui-testing";
		};
/* End PBXNativeTarget section */

/* Begin PBXProject section */
		7646893120949C9400785DC1 /* Project object */ = {
			isa = PBXProject;
			attributes = {
				LastSwiftUpdateCheck = 0920;
				LastUpgradeCheck = 0920;
				TargetAttributes = {
					7646893820949C9400785DC1 = {
						CreatedOnToolsVersion = 9.2;
						ProvisioningStyle = Automatic;
					};
					7646894C20949C9400785DC1 = {
						CreatedOnToolsVersion = 9.2;
						ProvisioningStyle = Automatic;
						TestTargetID = 7646893820949C9400785DC1;
					};
					7646895720949C9400785DC1 = {
						CreatedOnToolsVersion = 9.2;
						ProvisioningStyle = Automatic;
						TestTargetID = 7646893820949C9400785DC1;
					};
				};
			};
			buildConfigurationList = 7646893420949C9400785DC1 /* Build configuration list for PBXProject "Ponto_iOS" */;
			compatibilityVersion = "Xcode 8.0";
			developmentRegion = en;
			hasScannedForEncodings = 0;
			knownRegions = (
				en,
				Base,
			);
			mainGroup = 7646893020949C9400785DC1;
			productRefGroup = 7646893A20949C9400785DC1 /* Products */;
			projectDirPath = "";
			projectRoot = "";
			targets = (
				7646893820949C9400785DC1 /* Ponto_iOS */,
				7646894C20949C9400785DC1 /* Ponto_iOSTests */,
				7646895720949C9400785DC1 /* Ponto_iOSUITests */,
			);
		};
/* End PBXProject section */

/* Begin PBXResourcesBuildPhase section */
		7646893720949C9400785DC1 /* Resources */ = {
			isa = PBXResourcesBuildPhase;
			buildActionMask = 2147483647;
			files = (
				7646894720949C9400785DC1 /* LaunchScreen.storyboard in Resources */,
				E4E4FCE42094CC8C0099902A /* GoogleService-Info.plist in Resources */,
				7646894420949C9400785DC1 /* Assets.xcassets in Resources */,
				7646894220949C9400785DC1 /* Main.storyboard in Resources */,
			);
			runOnlyForDeploymentPostprocessing = 0;
		};
		7646894B20949C9400785DC1 /* Resources */ = {
			isa = PBXResourcesBuildPhase;
			buildActionMask = 2147483647;
			files = (
			);
			runOnlyForDeploymentPostprocessing = 0;
		};
		7646895620949C9400785DC1 /* Resources */ = {
			isa = PBXResourcesBuildPhase;
			buildActionMask = 2147483647;
			files = (
			);
			runOnlyForDeploymentPostprocessing = 0;
		};
/* End PBXResourcesBuildPhase section */

/* Begin PBXShellScriptBuildPhase section */
		53E3AA5CD175ABD893CA3A54 /* [CP] Check Pods Manifest.lock */ = {
			isa = PBXShellScriptBuildPhase;
			buildActionMask = 2147483647;
			files = (
			);
			inputPaths = (
				"${PODS_PODFILE_DIR_PATH}/Podfile.lock",
				"${PODS_ROOT}/Manifest.lock",
			);
			name = "[CP] Check Pods Manifest.lock";
			outputPaths = (
				"$(DERIVED_FILE_DIR)/Pods-Ponto_iOS-checkManifestLockResult.txt",
			);
			runOnlyForDeploymentPostprocessing = 0;
			shellPath = /bin/sh;
			shellScript = "diff \"${PODS_PODFILE_DIR_PATH}/Podfile.lock\" \"${PODS_ROOT}/Manifest.lock\" > /dev/null\nif [ $? != 0 ] ; then\n    # print error to STDERR\n    echo \"error: The sandbox is not in sync with the Podfile.lock. Run 'pod install' or update your CocoaPods installation.\" >&2\n    exit 1\nfi\n# This output is used by Xcode 'outputs' to avoid re-running this script phase.\necho \"SUCCESS\" > \"${SCRIPT_OUTPUT_FILE_0}\"\n";
			showEnvVarsInLog = 0;
		};
		DD8444DDD5B3E846E4C2E2F8 /* [CP] Embed Pods Frameworks */ = {
			isa = PBXShellScriptBuildPhase;
			buildActionMask = 2147483647;
			files = (
			);
			inputPaths = (
				"${SRCROOT}/Pods/Target Support Files/Pods-Ponto_iOS/Pods-Ponto_iOS-frameworks.sh",
				"${BUILT_PRODUCTS_DIR}/BoringSSL/openssl.framework",
				"${BUILT_PRODUCTS_DIR}/GTMSessionFetcher/GTMSessionFetcher.framework",
				"${BUILT_PRODUCTS_DIR}/GoogleToolboxForMac/GoogleToolboxForMac.framework",
				"${BUILT_PRODUCTS_DIR}/Protobuf/Protobuf.framework",
				"${BUILT_PRODUCTS_DIR}/gRPC/GRPCClient.framework",
				"${BUILT_PRODUCTS_DIR}/gRPC-Core/grpc.framework",
				"${BUILT_PRODUCTS_DIR}/gRPC-ProtoRPC/ProtoRPC.framework",
				"${BUILT_PRODUCTS_DIR}/gRPC-RxLibrary/RxLibrary.framework",
				"${BUILT_PRODUCTS_DIR}/leveldb-library/leveldb.framework",
				"${BUILT_PRODUCTS_DIR}/nanopb/nanopb.framework",
			);
			name = "[CP] Embed Pods Frameworks";
			outputPaths = (
				"${TARGET_BUILD_DIR}/${FRAMEWORKS_FOLDER_PATH}/openssl.framework",
				"${TARGET_BUILD_DIR}/${FRAMEWORKS_FOLDER_PATH}/GTMSessionFetcher.framework",
				"${TARGET_BUILD_DIR}/${FRAMEWORKS_FOLDER_PATH}/GoogleToolboxForMac.framework",
				"${TARGET_BUILD_DIR}/${FRAMEWORKS_FOLDER_PATH}/Protobuf.framework",
				"${TARGET_BUILD_DIR}/${FRAMEWORKS_FOLDER_PATH}/GRPCClient.framework",
				"${TARGET_BUILD_DIR}/${FRAMEWORKS_FOLDER_PATH}/grpc.framework",
				"${TARGET_BUILD_DIR}/${FRAMEWORKS_FOLDER_PATH}/ProtoRPC.framework",
				"${TARGET_BUILD_DIR}/${FRAMEWORKS_FOLDER_PATH}/RxLibrary.framework",
				"${TARGET_BUILD_DIR}/${FRAMEWORKS_FOLDER_PATH}/leveldb.framework",
				"${TARGET_BUILD_DIR}/${FRAMEWORKS_FOLDER_PATH}/nanopb.framework",
			);
			runOnlyForDeploymentPostprocessing = 0;
			shellPath = /bin/sh;
			shellScript = "\"${SRCROOT}/Pods/Target Support Files/Pods-Ponto_iOS/Pods-Ponto_iOS-frameworks.sh\"\n";
			showEnvVarsInLog = 0;
		};
/* End PBXShellScriptBuildPhase section */

/* Begin PBXSourcesBuildPhase section */
		7646893520949C9400785DC1 /* Sources */ = {
			isa = PBXSourcesBuildPhase;
			buildActionMask = 2147483647;
			files = (
				763E5E2A2094F24800B31FB8 /* PontoViewController.swift in Sources */,
				E409F9FB20A2998200444B9B /* LocalCollection.swift in Sources */,
				E40CF5302094E7350070300B /* SignUpViewController.swift in Sources */,
				7646893F20949C9400785DC1 /* ViewController.swift in Sources */,
				E409F9F920A141A700444B9B /* Company.swift in Sources */,
				E409FA0820A6A20D00444B9B /* DialogHelper.swift in Sources */,
				E409F9FF20A3E23200444B9B /* PunchClock.swift in Sources */,
				E409FA0220A3F0D600444B9B /* DateHelper.swift in Sources */,
				7646893D20949C9400785DC1 /* AppDelegate.swift in Sources */,
				E409FA0420A6517400444B9B /* CompanyViewControllerTableViewCell.swift in Sources */,
				E409FA0620A6543200444B9B /* CompanyViewController.swift in Sources */,
				E409F9FD20A29F8D00444B9B /* CadTimePunch.swift in Sources */,
			);
			runOnlyForDeploymentPostprocessing = 0;
		};
		7646894920949C9400785DC1 /* Sources */ = {
			isa = PBXSourcesBuildPhase;
			buildActionMask = 2147483647;
			files = (
				7646895220949C9400785DC1 /* Ponto_iOSTests.swift in Sources */,
			);
			runOnlyForDeploymentPostprocessing = 0;
		};
		7646895420949C9400785DC1 /* Sources */ = {
			isa = PBXSourcesBuildPhase;
			buildActionMask = 2147483647;
			files = (
				7646895D20949C9400785DC1 /* Ponto_iOSUITests.swift in Sources */,
			);
			runOnlyForDeploymentPostprocessing = 0;
		};
/* End PBXSourcesBuildPhase section */

/* Begin PBXTargetDependency section */
		7646894F20949C9400785DC1 /* PBXTargetDependency */ = {
			isa = PBXTargetDependency;
			target = 7646893820949C9400785DC1 /* Ponto_iOS */;
			targetProxy = 7646894E20949C9400785DC1 /* PBXContainerItemProxy */;
		};
		7646895A20949C9400785DC1 /* PBXTargetDependency */ = {
			isa = PBXTargetDependency;
			target = 7646893820949C9400785DC1 /* Ponto_iOS */;
			targetProxy = 7646895920949C9400785DC1 /* PBXContainerItemProxy */;
		};
/* End PBXTargetDependency section */

/* Begin PBXVariantGroup section */
		7646894020949C9400785DC1 /* Main.storyboard */ = {
			isa = PBXVariantGroup;
			children = (
				7646894120949C9400785DC1 /* Base */,
			);
			name = Main.storyboard;
			sourceTree = "<group>";
		};
		7646894520949C9400785DC1 /* LaunchScreen.storyboard */ = {
			isa = PBXVariantGroup;
			children = (
				7646894620949C9400785DC1 /* Base */,
			);
			name = LaunchScreen.storyboard;
			sourceTree = "<group>";
		};
/* End PBXVariantGroup section */

/* Begin XCBuildConfiguration section */
		7646895F20949C9400785DC1 /* Debug */ = {
			isa = XCBuildConfiguration;
			buildSettings = {
				ALWAYS_SEARCH_USER_PATHS = NO;
				CLANG_ANALYZER_NONNULL = YES;
				CLANG_ANALYZER_NUMBER_OBJECT_CONVERSION = YES_AGGRESSIVE;
				CLANG_CXX_LANGUAGE_STANDARD = "gnu++14";
				CLANG_CXX_LIBRARY = "libc++";
				CLANG_ENABLE_MODULES = YES;
				CLANG_ENABLE_OBJC_ARC = YES;
				CLANG_WARN_BLOCK_CAPTURE_AUTORELEASING = YES;
				CLANG_WARN_BOOL_CONVERSION = YES;
				CLANG_WARN_COMMA = YES;
				CLANG_WARN_CONSTANT_CONVERSION = YES;
				CLANG_WARN_DIRECT_OBJC_ISA_USAGE = YES_ERROR;
				CLANG_WARN_DOCUMENTATION_COMMENTS = YES;
				CLANG_WARN_EMPTY_BODY = YES;
				CLANG_WARN_ENUM_CONVERSION = YES;
				CLANG_WARN_INFINITE_RECURSION = YES;
				CLANG_WARN_INT_CONVERSION = YES;
				CLANG_WARN_NON_LITERAL_NULL_CONVERSION = YES;
				CLANG_WARN_OBJC_LITERAL_CONVERSION = YES;
				CLANG_WARN_OBJC_ROOT_CLASS = YES_ERROR;
				CLANG_WARN_RANGE_LOOP_ANALYSIS = YES;
				CLANG_WARN_STRICT_PROTOTYPES = YES;
				CLANG_WARN_SUSPICIOUS_MOVE = YES;
				CLANG_WARN_UNGUARDED_AVAILABILITY = YES_AGGRESSIVE;
				CLANG_WARN_UNREACHABLE_CODE = YES;
				CLANG_WARN__DUPLICATE_METHOD_MATCH = YES;
				CODE_SIGN_IDENTITY = "iPhone Developer";
				COPY_PHASE_STRIP = NO;
				DEBUG_INFORMATION_FORMAT = dwarf;
				ENABLE_STRICT_OBJC_MSGSEND = YES;
				ENABLE_TESTABILITY = YES;
				GCC_C_LANGUAGE_STANDARD = gnu11;
				GCC_DYNAMIC_NO_PIC = NO;
				GCC_NO_COMMON_BLOCKS = YES;
				GCC_OPTIMIZATION_LEVEL = 0;
				GCC_PREPROCESSOR_DEFINITIONS = (
					"DEBUG=1",
					"$(inherited)",
				);
				GCC_WARN_64_TO_32_BIT_CONVERSION = YES;
				GCC_WARN_ABOUT_RETURN_TYPE = YES_ERROR;
				GCC_WARN_UNDECLARED_SELECTOR = YES;
				GCC_WARN_UNINITIALIZED_AUTOS = YES_AGGRESSIVE;
				GCC_WARN_UNUSED_FUNCTION = YES;
				GCC_WARN_UNUSED_VARIABLE = YES;
				IPHONEOS_DEPLOYMENT_TARGET = 11.2;
				MTL_ENABLE_DEBUG_INFO = YES;
				ONLY_ACTIVE_ARCH = YES;
				SDKROOT = iphoneos;
				SWIFT_ACTIVE_COMPILATION_CONDITIONS = DEBUG;
				SWIFT_OPTIMIZATION_LEVEL = "-Onone";
			};
			name = Debug;
		};
		7646896020949C9400785DC1 /* Release */ = {
			isa = XCBuildConfiguration;
			buildSettings = {
				ALWAYS_SEARCH_USER_PATHS = NO;
				CLANG_ANALYZER_NONNULL = YES;
				CLANG_ANALYZER_NUMBER_OBJECT_CONVERSION = YES_AGGRESSIVE;
				CLANG_CXX_LANGUAGE_STANDARD = "gnu++14";
				CLANG_CXX_LIBRARY = "libc++";
				CLANG_ENABLE_MODULES = YES;
				CLANG_ENABLE_OBJC_ARC = YES;
				CLANG_WARN_BLOCK_CAPTURE_AUTORELEASING = YES;
				CLANG_WARN_BOOL_CONVERSION = YES;
				CLANG_WARN_COMMA = YES;
				CLANG_WARN_CONSTANT_CONVERSION = YES;
				CLANG_WARN_DIRECT_OBJC_ISA_USAGE = YES_ERROR;
				CLANG_WARN_DOCUMENTATION_COMMENTS = YES;
				CLANG_WARN_EMPTY_BODY = YES;
				CLANG_WARN_ENUM_CONVERSION = YES;
				CLANG_WARN_INFINITE_RECURSION = YES;
				CLANG_WARN_INT_CONVERSION = YES;
				CLANG_WARN_NON_LITERAL_NULL_CONVERSION = YES;
				CLANG_WARN_OBJC_LITERAL_CONVERSION = YES;
				CLANG_WARN_OBJC_ROOT_CLASS = YES_ERROR;
				CLANG_WARN_RANGE_LOOP_ANALYSIS = YES;
				CLANG_WARN_STRICT_PROTOTYPES = YES;
				CLANG_WARN_SUSPICIOUS_MOVE = YES;
				CLANG_WARN_UNGUARDED_AVAILABILITY = YES_AGGRESSIVE;
				CLANG_WARN_UNREACHABLE_CODE = YES;
				CLANG_WARN__DUPLICATE_METHOD_MATCH = YES;
				CODE_SIGN_IDENTITY = "iPhone Developer";
				COPY_PHASE_STRIP = NO;
				DEBUG_INFORMATION_FORMAT = "dwarf-with-dsym";
				ENABLE_NS_ASSERTIONS = NO;
				ENABLE_STRICT_OBJC_MSGSEND = YES;
				GCC_C_LANGUAGE_STANDARD = gnu11;
				GCC_NO_COMMON_BLOCKS = YES;
				GCC_WARN_64_TO_32_BIT_CONVERSION = YES;
				GCC_WARN_ABOUT_RETURN_TYPE = YES_ERROR;
				GCC_WARN_UNDECLARED_SELECTOR = YES;
				GCC_WARN_UNINITIALIZED_AUTOS = YES_AGGRESSIVE;
				GCC_WARN_UNUSED_FUNCTION = YES;
				GCC_WARN_UNUSED_VARIABLE = YES;
				IPHONEOS_DEPLOYMENT_TARGET = 11.2;
				MTL_ENABLE_DEBUG_INFO = NO;
				SDKROOT = iphoneos;
				SWIFT_OPTIMIZATION_LEVEL = "-Owholemodule";
				VALIDATE_PRODUCT = YES;
			};
			name = Release;
		};
		7646896220949C9400785DC1 /* Debug */ = {
			isa = XCBuildConfiguration;
			baseConfigurationReference = 39DED1357FA0F297FB1639C2 /* Pods-Ponto_iOS.debug.xcconfig */;
			buildSettings = {
				ASSETCATALOG_COMPILER_APPICON_NAME = AppIcon;
				CODE_SIGN_STYLE = Automatic;
				INFOPLIST_FILE = Ponto_iOS/Info.plist;
				LD_RUNPATH_SEARCH_PATHS = "$(inherited) @executable_path/Frameworks";
				PRODUCT_BUNDLE_IDENTIFIER = "br.edu.fa7.Ponto-iOS";
				PRODUCT_NAME = "$(TARGET_NAME)";
				SWIFT_VERSION = 4.0;
				TARGETED_DEVICE_FAMILY = "1,2";
			};
			name = Debug;
		};
		7646896320949C9400785DC1 /* Release */ = {
			isa = XCBuildConfiguration;
			baseConfigurationReference = 10A6F8D0CADF93FFA3A2DB50 /* Pods-Ponto_iOS.release.xcconfig */;
			buildSettings = {
				ASSETCATALOG_COMPILER_APPICON_NAME = AppIcon;
				CODE_SIGN_STYLE = Automatic;
				INFOPLIST_FILE = Ponto_iOS/Info.plist;
				LD_RUNPATH_SEARCH_PATHS = "$(inherited) @executable_path/Frameworks";
				PRODUCT_BUNDLE_IDENTIFIER = "br.edu.fa7.Ponto-iOS";
				PRODUCT_NAME = "$(TARGET_NAME)";
				SWIFT_VERSION = 4.0;
				TARGETED_DEVICE_FAMILY = "1,2";
			};
			name = Release;
		};
		7646896520949C9400785DC1 /* Debug */ = {
			isa = XCBuildConfiguration;
			buildSettings = {
				ALWAYS_EMBED_SWIFT_STANDARD_LIBRARIES = YES;
				BUNDLE_LOADER = "$(TEST_HOST)";
				CODE_SIGN_STYLE = Automatic;
				INFOPLIST_FILE = Ponto_iOSTests/Info.plist;
				LD_RUNPATH_SEARCH_PATHS = "$(inherited) @executable_path/Frameworks @loader_path/Frameworks";
				PRODUCT_BUNDLE_IDENTIFIER = "br.edu.fa7.Ponto-iOSTests";
				PRODUCT_NAME = "$(TARGET_NAME)";
				SWIFT_VERSION = 4.0;
				TARGETED_DEVICE_FAMILY = "1,2";
				TEST_HOST = "$(BUILT_PRODUCTS_DIR)/Ponto_iOS.app/Ponto_iOS";
			};
			name = Debug;
		};
		7646896620949C9400785DC1 /* Release */ = {
			isa = XCBuildConfiguration;
			buildSettings = {
				ALWAYS_EMBED_SWIFT_STANDARD_LIBRARIES = YES;
				BUNDLE_LOADER = "$(TEST_HOST)";
				CODE_SIGN_STYLE = Automatic;
				INFOPLIST_FILE = Ponto_iOSTests/Info.plist;
				LD_RUNPATH_SEARCH_PATHS = "$(inherited) @executable_path/Frameworks @loader_path/Frameworks";
				PRODUCT_BUNDLE_IDENTIFIER = "br.edu.fa7.Ponto-iOSTests";
				PRODUCT_NAME = "$(TARGET_NAME)";
				SWIFT_VERSION = 4.0;
				TARGETED_DEVICE_FAMILY = "1,2";
				TEST_HOST = "$(BUILT_PRODUCTS_DIR)/Ponto_iOS.app/Ponto_iOS";
			};
			name = Release;
		};
		7646896820949C9400785DC1 /* Debug */ = {
			isa = XCBuildConfiguration;
			buildSettings = {
				ALWAYS_EMBED_SWIFT_STANDARD_LIBRARIES = YES;
				CODE_SIGN_STYLE = Automatic;
				INFOPLIST_FILE = Ponto_iOSUITests/Info.plist;
				LD_RUNPATH_SEARCH_PATHS = "$(inherited) @executable_path/Frameworks @loader_path/Frameworks";
				PRODUCT_BUNDLE_IDENTIFIER = "br.edu.fa7.Ponto-iOSUITests";
				PRODUCT_NAME = "$(TARGET_NAME)";
				SWIFT_VERSION = 4.0;
				TARGETED_DEVICE_FAMILY = "1,2";
				TEST_TARGET_NAME = Ponto_iOS;
			};
			name = Debug;
		};
		7646896920949C9400785DC1 /* Release */ = {
			isa = XCBuildConfiguration;
			buildSettings = {
				ALWAYS_EMBED_SWIFT_STANDARD_LIBRARIES = YES;
				CODE_SIGN_STYLE = Automatic;
				INFOPLIST_FILE = Ponto_iOSUITests/Info.plist;
				LD_RUNPATH_SEARCH_PATHS = "$(inherited) @executable_path/Frameworks @loader_path/Frameworks";
				PRODUCT_BUNDLE_IDENTIFIER = "br.edu.fa7.Ponto-iOSUITests";
				PRODUCT_NAME = "$(TARGET_NAME)";
				SWIFT_VERSION = 4.0;
				TARGETED_DEVICE_FAMILY = "1,2";
				TEST_TARGET_NAME = Ponto_iOS;
			};
			name = Release;
		};
/* End XCBuildConfiguration section */

/* Begin XCConfigurationList section */
		7646893420949C9400785DC1 /* Build configuration list for PBXProject "Ponto_iOS" */ = {
			isa = XCConfigurationList;
			buildConfigurations = (
				7646895F20949C9400785DC1 /* Debug */,
				7646896020949C9400785DC1 /* Release */,
			);
			defaultConfigurationIsVisible = 0;
			defaultConfigurationName = Release;
		};
		7646896120949C9400785DC1 /* Build configuration list for PBXNativeTarget "Ponto_iOS" */ = {
			isa = XCConfigurationList;
			buildConfigurations = (
				7646896220949C9400785DC1 /* Debug */,
				7646896320949C9400785DC1 /* Release */,
			);
			defaultConfigurationIsVisible = 0;
			defaultConfigurationName = Release;
		};
		7646896420949C9400785DC1 /* Build configuration list for PBXNativeTarget "Ponto_iOSTests" */ = {
			isa = XCConfigurationList;
			buildConfigurations = (
				7646896520949C9400785DC1 /* Debug */,
				7646896620949C9400785DC1 /* Release */,
			);
			defaultConfigurationIsVisible = 0;
			defaultConfigurationName = Release;
		};
		7646896720949C9400785DC1 /* Build configuration list for PBXNativeTarget "Ponto_iOSUITests" */ = {
			isa = XCConfigurationList;
			buildConfigurations = (
				7646896820949C9400785DC1 /* Debug */,
				7646896920949C9400785DC1 /* Release */,
			);
			defaultConfigurationIsVisible = 0;
			defaultConfigurationName = Release;
		};
/* End XCConfigurationList section */
	};
	rootObject = 7646893120949C9400785DC1 /* Project object */;
}
